
Microsoft Visual Studio Solution File, Format Version 12.00
# Visual Studio Version 17
VisualStudioVersion = 17.2.32616.157
MinimumVisualStudioVersion = 10.0.40219.1
Project("{FAE04EC0-301F-11D3-BF4B-00C04F79EFBC}") = "BookDatabase", "BookDatabase\BookDatabase.csproj", "{0225400F-D07E-4D76-A2A5-5287C9675124}"
EndProject
Global
	GlobalSection(SolutionConfigurationPlatforms) = preSolution
		Debug|Any CPU = Debug|Any CPU
		Release|Any CPU = Release|Any CPU
	EndGlobalSection
	GlobalSection(ProjectConfigurationPlatforms) = postSolution
		{0225400F-D07E-4D76-A2A5-5287C9675124}.Debug|Any CPU.ActiveCfg = Debug|Any CPU
		{0225400F-D07E-4D76-A2A5-5287C9675124}.Debug|Any CPU.Build.0 = Debug|Any CPU
		{0225400F-D07E-4D76-A2A5-5287C9675124}.Release|Any CPU.ActiveCfg = Release|Any CPU
		{0225400F-D07E-4D76-A2A5-5287C9675124}.Release|Any CPU.Build.0 = Release|Any CPU
	EndGlobalSection
	GlobalSection(SolutionProperties) = preSolution
		HideSolutionNode = FALSE
	EndGlobalSection
	GlobalSection(ExtensibilityGlobals) = postSolution
		SolutionGuid = {2922F35C-9E9F-4379-8A38-85F5D5C0371C}
	EndGlobalSection
EndGlobal
